
Microsoft Visual Studio Solution File, Format Version 12.00
# Visual Studio Version 16
VisualStudioVersion = 16.0.31205.134
MinimumVisualStudioVersion = 10.0.40219.1
Project("{FAE04EC0-301F-11D3-BF4B-00C04F79EFBC}") = "conv.Android", "conv\conv.Android\conv.Android.csproj", "{5AC1F783-C906-4342-AB76-1CE44BB3231B}"
EndProject
Project("{FAE04EC0-301F-11D3-BF4B-00C04F79EFBC}") = "conv", "conv\conv\conv.csproj", "{1975F30B-4850-4EC4-BDC7-93D748437C87}"
EndProject
Global
	GlobalSection(SolutionConfigurationPlatforms) = preSolution
		Debug|Any CPU = Debug|Any CPU
		Release|Any CPU = Release|Any CPU
	EndGlobalSection
	GlobalSection(ProjectConfigurationPlatforms) = postSolution
		{5AC1F783-C906-4342-AB76-1CE44BB3231B}.Debug|Any CPU.ActiveCfg = Debug|Any CPU
		{5AC1F783-C906-4342-AB76-1CE44BB3231B}.Debug|Any CPU.Build.0 = Debug|Any CPU
		{5AC1F783-C906-4342-AB76-1CE44BB3231B}.Debug|Any CPU.Deploy.0 = Debug|Any CPU
		{5AC1F783-C906-4342-AB76-1CE44BB3231B}.Release|Any CPU.ActiveCfg = Release|Any CPU
		{5AC1F783-C906-4342-AB76-1CE44BB3231B}.Release|Any CPU.Build.0 = Release|Any CPU
		{5AC1F783-C906-4342-AB76-1CE44BB3231B}.Release|Any CPU.Deploy.0 = Release|Any CPU
		{1975F30B-4850-4EC4-BDC7-93D748437C87}.Debug|Any CPU.ActiveCfg = Debug|Any CPU
		{1975F30B-4850-4EC4-BDC7-93D748437C87}.Debug|Any CPU.Build.0 = Debug|Any CPU
		{1975F30B-4850-4EC4-BDC7-93D748437C87}.Debug|Any CPU.Deploy.0 = Debug|Any CPU
		{1975F30B-4850-4EC4-BDC7-93D748437C87}.Release|Any CPU.ActiveCfg = Release|Any CPU
		{1975F30B-4850-4EC4-BDC7-93D748437C87}.Release|Any CPU.Build.0 = Release|Any CPU
		{1975F30B-4850-4EC4-BDC7-93D748437C87}.Release|Any CPU.Deploy.0 = Release|Any CPU
	EndGlobalSection
	GlobalSection(SolutionProperties) = preSolution
		HideSolutionNode = FALSE
	EndGlobalSection
	GlobalSection(ExtensibilityGlobals) = postSolution
		SolutionGuid = {96EAB481-35D2-419C-AB02-4700D3F412CE}
	EndGlobalSection
EndGlobal
